
Microsoft Visual Studio Solution File, Format Version 12.00
# Visual Studio 2013
VisualStudioVersion = 12.0.21005.1
MinimumVisualStudioVersion = 10.0.40219.1
Project("{8BC9CEB8-8B4A-11D0-8D11-00A0C91BC942}") = "chenyongjie.c", "chenyongjie.c\chenyongjie.c.vcxproj", "{8EBC1C44-C0F8-486F-A0A3-AF3704E559DC}"
EndProject
Global
	GlobalSection(SolutionConfigurationPlatforms) = preSolution
		Debug|Win32 = Debug|Win32
		Release|Win32 = Release|Win32
	EndGlobalSection
	GlobalSection(ProjectConfigurationPlatforms) = postSolution
		{8EBC1C44-C0F8-486F-A0A3-AF3704E559DC}.Debug|Win32.ActiveCfg = Debug|Win32
		{8EBC1C44-C0F8-486F-A0A3-AF3704E559DC}.Debug|Win32.Build.0 = Debug|Win32
		{8EBC1C44-C0F8-486F-A0A3-AF3704E559DC}.Release|Win32.ActiveCfg = Release|Win32
		{8EBC1C44-C0F8-486F-A0A3-AF3704E559DC}.Release|Win32.Build.0 = Release|Win32
	EndGlobalSection
	GlobalSection(SolutionProperties) = preSolution
		HideSolutionNode = FALSE
	EndGlobalSection
EndGlobal
