
Microsoft Visual Studio Solution File, Format Version 12.00
# Visual Studio 2013
VisualStudioVersion = 12.0.21005.1
MinimumVisualStudioVersion = 10.0.40219.1
Project("{8BC9CEB8-8B4A-11D0-8D11-00A0C91BC942}") = "10.27.c", "10.27.c\10.27.c.vcxproj", "{A43D693D-3CFA-41E9-82DE-34E960C8259D}"
EndProject
Global
	GlobalSection(SolutionConfigurationPlatforms) = preSolution
		Debug|Win32 = Debug|Win32
		Release|Win32 = Release|Win32
	EndGlobalSection
	GlobalSection(ProjectConfigurationPlatforms) = postSolution
		{A43D693D-3CFA-41E9-82DE-34E960C8259D}.Debug|Win32.ActiveCfg = Debug|Win32
		{A43D693D-3CFA-41E9-82DE-34E960C8259D}.Debug|Win32.Build.0 = Debug|Win32
		{A43D693D-3CFA-41E9-82DE-34E960C8259D}.Release|Win32.ActiveCfg = Release|Win32
		{A43D693D-3CFA-41E9-82DE-34E960C8259D}.Release|Win32.Build.0 = Release|Win32
	EndGlobalSection
	GlobalSection(SolutionProperties) = preSolution
		HideSolutionNode = FALSE
	EndGlobalSection
EndGlobal
